// !$*UTF8*$!
{
	archiveVersion = 1;
	classes = {
	};
	objectVersion = 55;
	objects = {

/* Begin PBXBuildFile section */
		A1B8F5EC281A4C3B00D06EBA /* AppDelegate.swift in Sources */ = {isa = PBXBuildFile; fileRef = A1B8F5EB281A4C3B00D06EBA /* AppDelegate.swift */; };
		A1B8F5EE281A4C3B00D06EBA /* SceneDelegate.swift in Sources */ = {isa = PBXBuildFile; fileRef = A1B8F5ED281A4C3B00D06EBA /* SceneDelegate.swift */; };
		A1B8F5F3281A4C3B00D06EBA /* Main.storyboard in Resources */ = {isa = PBXBuildFile; fileRef = A1B8F5F1281A4C3B00D06EBA /* Main.storyboard */; };
		A1B8F5F5281A4C3C00D06EBA /* Assets.xcassets in Resources */ = {isa = PBXBuildFile; fileRef = A1B8F5F4281A4C3C00D06EBA /* Assets.xcassets */; };
		A1B8F5F8281A4C3C00D06EBA /* LaunchScreen.storyboard in Resources */ = {isa = PBXBuildFile; fileRef = A1B8F5F6281A4C3C00D06EBA /* LaunchScreen.storyboard */; };
		A1B8F604281A4CDB00D06EBA /* SplashController.swift in Sources */ = {isa = PBXBuildFile; fileRef = A1B8F603281A4CDB00D06EBA /* SplashController.swift */; };
		A1B8F606281A4CEE00D06EBA /* NewWorkViewController.swift in Sources */ = {isa = PBXBuildFile; fileRef = A1B8F605281A4CEE00D06EBA /* NewWorkViewController.swift */; };
		A1B8F608281A4CFF00D06EBA /* WorkViewModel.swift in Sources */ = {isa = PBXBuildFile; fileRef = A1B8F607281A4CFF00D06EBA /* WorkViewModel.swift */; };
		A1B8F60B281A4D1D00D06EBA /* WorkTypeCollectionViewCell.swift in Sources */ = {isa = PBXBuildFile; fileRef = A1B8F609281A4D1D00D06EBA /* WorkTypeCollectionViewCell.swift */; };
		A1B8F60C281A4D1D00D06EBA /* WorkTypeCollectionViewCell.xib in Resources */ = {isa = PBXBuildFile; fileRef = A1B8F60A281A4D1D00D06EBA /* WorkTypeCollectionViewCell.xib */; };
		A1B8F60E281A4D3100D06EBA /* MainViewController.swift in Sources */ = {isa = PBXBuildFile; fileRef = A1B8F60D281A4D3100D06EBA /* MainViewController.swift */; };
		A1B8F610281A4D3A00D06EBA /* Enums.swift in Sources */ = {isa = PBXBuildFile; fileRef = A1B8F60F281A4D3A00D06EBA /* Enums.swift */; };
		A1B8F612281A4D4300D06EBA /* PulseLayer.swift in Sources */ = {isa = PBXBuildFile; fileRef = A1B8F611281A4D4300D06EBA /* PulseLayer.swift */; };
		A1B8F614281A4D5000D06EBA /* ColorExtensions.swift in Sources */ = {isa = PBXBuildFile; fileRef = A1B8F613281A4D5000D06EBA /* ColorExtensions.swift */; };
		A1B8F616281A4D5F00D06EBA /* FoundationExtensions.swift in Sources */ = {isa = PBXBuildFile; fileRef = A1B8F615281A4D5F00D06EBA /* FoundationExtensions.swift */; };
		A1B8F618281A4D6C00D06EBA /* Constants.swift in Sources */ = {isa = PBXBuildFile; fileRef = A1B8F617281A4D6C00D06EBA /* Constants.swift */; };
		A1B8F61A281A4D7500D06EBA /* Work.swift in Sources */ = {isa = PBXBuildFile; fileRef = A1B8F619281A4D7500D06EBA /* Work.swift */; };
/* End PBXBuildFile section */

/* Begin PBXFileReference section */
		A1B8F5E8281A4C3B00D06EBA /* Priotask.app */ = {isa = PBXFileReference; explicitFileType = wrapper.application; includeInIndex = 0; path = Priotask.app; sourceTree = BUILT_PRODUCTS_DIR; };
		A1B8F5EB281A4C3B00D06EBA /* AppDelegate.swift */ = {isa = PBXFileReference; lastKnownFileType = sourcecode.swift; path = AppDelegate.swift; sourceTree = "<group>"; };
		A1B8F5ED281A4C3B00D06EBA /* SceneDelegate.swift */ = {isa = PBXFileReference; lastKnownFileType = sourcecode.swift; path = SceneDelegate.swift; sourceTree = "<group>"; };
		A1B8F5F2281A4C3B00D06EBA /* Base */ = {isa = PBXFileReference; lastKnownFileType = file.storyboard; name = Base; path = Base.lproj/Main.storyboard; sourceTree = "<group>"; };
		A1B8F5F4281A4C3C00D06EBA /* Assets.xcassets */ = {isa = PBXFileReference; lastKnownFileType = folder.assetcatalog; path = Assets.xcassets; sourceTree = "<group>"; };
		A1B8F5F7281A4C3C00D06EBA /* Base */ = {isa = PBXFileReference; lastKnownFileType = file.storyboard; name = Base; path = Base.lproj/LaunchScreen.storyboard; sourceTree = "<group>"; };
		A1B8F5F9281A4C3C00D06EBA /* Info.plist */ = {isa = PBXFileReference; lastKnownFileType = text.plist.xml; path = Info.plist; sourceTree = "<group>"; };
		A1B8F603281A4CDB00D06EBA /* SplashController.swift */ = {isa = PBXFileReference; lastKnownFileType = sourcecode.swift; path = SplashController.swift; sourceTree = "<group>"; };
		A1B8F605281A4CEE00D06EBA /* NewWorkViewController.swift */ = {isa = PBXFileReference; lastKnownFileType = sourcecode.swift; path = NewWorkViewController.swift; sourceTree = "<group>"; };
		A1B8F607281A4CFF00D06EBA /* WorkViewModel.swift */ = {isa = PBXFileReference; lastKnownFileType = sourcecode.swift; path = WorkViewModel.swift; sourceTree = "<group>"; };
		A1B8F609281A4D1D00D06EBA /* WorkTypeCollectionViewCell.swift */ = {isa = PBXFileReference; lastKnownFileType = sourcecode.swift; path = WorkTypeCollectionViewCell.swift; sourceTree = "<group>"; };
		A1B8F60A281A4D1D00D06EBA /* WorkTypeCollectionViewCell.xib */ = {isa = PBXFileReference; lastKnownFileType = file.xib; path = WorkTypeCollectionViewCell.xib; sourceTree = "<group>"; };
		A1B8F60D281A4D3100D06EBA /* MainViewController.swift */ = {isa = PBXFileReference; lastKnownFileType = sourcecode.swift; path = MainViewController.swift; sourceTree = "<group>"; };
		A1B8F60F281A4D3A00D06EBA /* Enums.swift */ = {isa = PBXFileReference; lastKnownFileType = sourcecode.swift; path = Enums.swift; sourceTree = "<group>"; };
		A1B8F611281A4D4300D06EBA /* PulseLayer.swift */ = {isa = PBXFileReference; lastKnownFileType = sourcecode.swift; path = PulseLayer.swift; sourceTree = "<group>"; };
		A1B8F613281A4D5000D06EBA /* ColorExtensions.swift */ = {isa = PBXFileReference; lastKnownFileType = sourcecode.swift; path = ColorExtensions.swift; sourceTree = "<group>"; };
		A1B8F615281A4D5F00D06EBA /* FoundationExtensions.swift */ = {isa = PBXFileReference; lastKnownFileType = sourcecode.swift; path = FoundationExtensions.swift; sourceTree = "<group>"; };
		A1B8F617281A4D6C00D06EBA /* Constants.swift */ = {isa = PBXFileReference; lastKnownFileType = sourcecode.swift; path = Constants.swift; sourceTree = "<group>"; };
		A1B8F619281A4D7500D06EBA /* Work.swift */ = {isa = PBXFileReference; lastKnownFileType = sourcecode.swift; path = Work.swift; sourceTree = "<group>"; };
/* End PBXFileReference section */

/* Begin PBXFrameworksBuildPhase section */
		A1B8F5E5281A4C3B00D06EBA /* Frameworks */ = {
			isa = PBXFrameworksBuildPhase;
			buildActionMask = 2147483647;
			files = (
			);
			runOnlyForDeploymentPostprocessing = 0;
		};
/* End PBXFrameworksBuildPhase section */

/* Begin PBXGroup section */
		A1B8F5DF281A4C3B00D06EBA = {
			isa = PBXGroup;
			children = (
				A1B8F5EA281A4C3B00D06EBA /* Priotask */,
				A1B8F5E9281A4C3B00D06EBA /* Products */,
			);
			sourceTree = "<group>";
		};
		A1B8F5E9281A4C3B00D06EBA /* Products */ = {
			isa = PBXGroup;
			children = (
				A1B8F5E8281A4C3B00D06EBA /* Priotask.app */,
			);
			name = Products;
			sourceTree = "<group>";
		};
		A1B8F5EA281A4C3B00D06EBA /* Priotask */ = {
			isa = PBXGroup;
			children = (
				A1B8F61B281A4D7E00D06EBA /* SplashScreen */,
				A1B8F61C281A4D8500D06EBA /* FirstPage */,
				A1B8F61D281A4D8C00D06EBA /* Code */,
				A1B8F620281A4D9A00D06EBA /* Timer */,
				A1B8F5F4281A4C3C00D06EBA /* Assets.xcassets */,
				A1B8F5F9281A4C3C00D06EBA /* Info.plist */,
				A1B8F617281A4D6C00D06EBA /* Constants.swift */,
				A1B8F619281A4D7500D06EBA /* Work.swift */,
				A1B8F5F6281A4C3C00D06EBA /* LaunchScreen.storyboard */,
			);
			path = Priotask;
			sourceTree = "<group>";
		};
		A1B8F61B281A4D7E00D06EBA /* SplashScreen */ = {
			isa = PBXGroup;
			children = (
				A1B8F603281A4CDB00D06EBA /* SplashController.swift */,
			);
			path = SplashScreen;
			sourceTree = "<group>";
		};
		A1B8F61C281A4D8500D06EBA /* FirstPage */ = {
			isa = PBXGroup;
			children = (
				A1B8F605281A4CEE00D06EBA /* NewWorkViewController.swift */,
				A1B8F607281A4CFF00D06EBA /* WorkViewModel.swift */,
				A1B8F609281A4D1D00D06EBA /* WorkTypeCollectionViewCell.swift */,
				A1B8F60A281A4D1D00D06EBA /* WorkTypeCollectionViewCell.xib */,
			);
			path = FirstPage;
			sourceTree = "<group>";
		};
		A1B8F61D281A4D8C00D06EBA /* Code */ = {
			isa = PBXGroup;
			children = (
				A1B8F61E281A4D9000D06EBA /* Controllers */,
				A1B8F61F281A4D9600D06EBA /* Main */,
			);
			path = Code;
			sourceTree = "<group>";
		};
		A1B8F61E281A4D9000D06EBA /* Controllers */ = {
			isa = PBXGroup;
			children = (
				A1B8F5EB281A4C3B00D06EBA /* AppDelegate.swift */,
				A1B8F5ED281A4C3B00D06EBA /* SceneDelegate.swift */,
			);
			path = Controllers;
			sourceTree = "<group>";
		};
		A1B8F61F281A4D9600D06EBA /* Main */ = {
			isa = PBXGroup;
			children = (
				A1B8F60D281A4D3100D06EBA /* MainViewController.swift */,
				A1B8F5F1281A4C3B00D06EBA /* Main.storyboard */,
			);
			path = Main;
			sourceTree = "<group>";
		};
		A1B8F620281A4D9A00D06EBA /* Timer */ = {
			isa = PBXGroup;
			children = (
				A1B8F621281A4D9E00D06EBA /* Animations */,
				A1B8F622281A4DB500D06EBA /* Extensions */,
			);
			path = Timer;
			sourceTree = "<group>";
		};
		A1B8F621281A4D9E00D06EBA /* Animations */ = {
			isa = PBXGroup;
			children = (
				A1B8F60F281A4D3A00D06EBA /* Enums.swift */,
				A1B8F611281A4D4300D06EBA /* PulseLayer.swift */,
			);
			path = Animations;
			sourceTree = "<group>";
		};
		A1B8F622281A4DB500D06EBA /* Extensions */ = {
			isa = PBXGroup;
			children = (
				A1B8F613281A4D5000D06EBA /* ColorExtensions.swift */,
				A1B8F615281A4D5F00D06EBA /* FoundationExtensions.swift */,
			);
			path = Extensions;
			sourceTree = "<group>";
		};
/* End PBXGroup section */

/* Begin PBXNativeTarget section */
		A1B8F5E7281A4C3B00D06EBA /* Priotask */ = {
			isa = PBXNativeTarget;
			buildConfigurationList = A1B8F5FC281A4C3C00D06EBA /* Build configuration list for PBXNativeTarget "Priotask" */;
			buildPhases = (
				A1B8F5E4281A4C3B00D06EBA /* Sources */,
				A1B8F5E5281A4C3B00D06EBA /* Frameworks */,
				A1B8F5E6281A4C3B00D06EBA /* Resources */,
			);
			buildRules = (
			);
			dependencies = (
			);
			name = Priotask;
			productName = Priotask;
			productReference = A1B8F5E8281A4C3B00D06EBA /* Priotask.app */;
			productType = "com.apple.product-type.application";
		};
/* End PBXNativeTarget section */

/* Begin PBXProject section */
		A1B8F5E0281A4C3B00D06EBA /* Project object */ = {
			isa = PBXProject;
			attributes = {
				BuildIndependentTargetsInParallel = 1;
				LastSwiftUpdateCheck = 1330;
				LastUpgradeCheck = 1330;
				TargetAttributes = {
					A1B8F5E7281A4C3B00D06EBA = {
						CreatedOnToolsVersion = 13.3.1;
					};
				};
			};
			buildConfigurationList = A1B8F5E3281A4C3B00D06EBA /* Build configuration list for PBXProject "Priotask" */;
			compatibilityVersion = "Xcode 13.0";
			developmentRegion = en;
			hasScannedForEncodings = 0;
			knownRegions = (
				en,
				Base,
			);
			mainGroup = A1B8F5DF281A4C3B00D06EBA;
			productRefGroup = A1B8F5E9281A4C3B00D06EBA /* Products */;
			projectDirPath = "";
			projectRoot = "";
			targets = (
				A1B8F5E7281A4C3B00D06EBA /* Priotask */,
			);
		};
/* End PBXProject section */

/* Begin PBXResourcesBuildPhase section */
		A1B8F5E6281A4C3B00D06EBA /* Resources */ = {
			isa = PBXResourcesBuildPhase;
			buildActionMask = 2147483647;
			files = (
				A1B8F5F8281A4C3C00D06EBA /* LaunchScreen.storyboard in Resources */,
				A1B8F5F5281A4C3C00D06EBA /* Assets.xcassets in Resources */,
				A1B8F5F3281A4C3B00D06EBA /* Main.storyboard in Resources */,
				A1B8F60C281A4D1D00D06EBA /* WorkTypeCollectionViewCell.xib in Resources */,
			);
			runOnlyForDeploymentPostprocessing = 0;
		};
/* End PBXResourcesBuildPhase section */

/* Begin PBXSourcesBuildPhase section */
		A1B8F5E4281A4C3B00D06EBA /* Sources */ = {
			isa = PBXSourcesBuildPhase;
			buildActionMask = 2147483647;
			files = (
				A1B8F614281A4D5000D06EBA /* ColorExtensions.swift in Sources */,
				A1B8F60B281A4D1D00D06EBA /* WorkTypeCollectionViewCell.swift in Sources */,
				A1B8F5EC281A4C3B00D06EBA /* AppDelegate.swift in Sources */,
				A1B8F608281A4CFF00D06EBA /* WorkViewModel.swift in Sources */,
				A1B8F606281A4CEE00D06EBA /* NewWorkViewController.swift in Sources */,
				A1B8F5EE281A4C3B00D06EBA /* SceneDelegate.swift in Sources */,
				A1B8F618281A4D6C00D06EBA /* Constants.swift in Sources */,
				A1B8F61A281A4D7500D06EBA /* Work.swift in Sources */,
				A1B8F604281A4CDB00D06EBA /* SplashController.swift in Sources */,
				A1B8F616281A4D5F00D06EBA /* FoundationExtensions.swift in Sources */,
				A1B8F610281A4D3A00D06EBA /* Enums.swift in Sources */,
				A1B8F60E281A4D3100D06EBA /* MainViewController.swift in Sources */,
				A1B8F612281A4D4300D06EBA /* PulseLayer.swift in Sources */,
			);
			runOnlyForDeploymentPostprocessing = 0;
		};
/* End PBXSourcesBuildPhase section */

/* Begin PBXVariantGroup section */
		A1B8F5F1281A4C3B00D06EBA /* Main.storyboard */ = {
			isa = PBXVariantGroup;
			children = (
				A1B8F5F2281A4C3B00D06EBA /* Base */,
			);
			name = Main.storyboard;
			sourceTree = "<group>";
		};
		A1B8F5F6281A4C3C00D06EBA /* LaunchScreen.storyboard */ = {
			isa = PBXVariantGroup;
			children = (
				A1B8F5F7281A4C3C00D06EBA /* Base */,
			);
			name = LaunchScreen.storyboard;
			sourceTree = "<group>";
		};
/* End PBXVariantGroup section */

/* Begin XCBuildConfiguration section */
		A1B8F5FA281A4C3C00D06EBA /* Debug */ = {
			isa = XCBuildConfiguration;
			buildSettings = {
				ALWAYS_SEARCH_USER_PATHS = NO;
				CLANG_ANALYZER_NONNULL = YES;
				CLANG_ANALYZER_NUMBER_OBJECT_CONVERSION = YES_AGGRESSIVE;
				CLANG_CXX_LANGUAGE_STANDARD = "gnu++17";
				CLANG_ENABLE_MODULES = YES;
				CLANG_ENABLE_OBJC_ARC = YES;
				CLANG_ENABLE_OBJC_WEAK = YES;
				CLANG_WARN_BLOCK_CAPTURE_AUTORELEASING = YES;
				CLANG_WARN_BOOL_CONVERSION = YES;
				CLANG_WARN_COMMA = YES;
				CLANG_WARN_CONSTANT_CONVERSION = YES;
				CLANG_WARN_DEPRECATED_OBJC_IMPLEMENTATIONS = YES;
				CLANG_WARN_DIRECT_OBJC_ISA_USAGE = YES_ERROR;
				CLANG_WARN_DOCUMENTATION_COMMENTS = YES;
				CLANG_WARN_EMPTY_BODY = YES;
				CLANG_WARN_ENUM_CONVERSION = YES;
				CLANG_WARN_INFINITE_RECURSION = YES;
				CLANG_WARN_INT_CONVERSION = YES;
				CLANG_WARN_NON_LITERAL_NULL_CONVERSION = YES;
				CLANG_WARN_OBJC_IMPLICIT_RETAIN_SELF = YES;
				CLANG_WARN_OBJC_LITERAL_CONVERSION = YES;
				CLANG_WARN_OBJC_ROOT_CLASS = YES_ERROR;
				CLANG_WARN_QUOTED_INCLUDE_IN_FRAMEWORK_HEADER = YES;
				CLANG_WARN_RANGE_LOOP_ANALYSIS = YES;
				CLANG_WARN_STRICT_PROTOTYPES = YES;
				CLANG_WARN_SUSPICIOUS_MOVE = YES;
				CLANG_WARN_UNGUARDED_AVAILABILITY = YES_AGGRESSIVE;
				CLANG_WARN_UNREACHABLE_CODE = YES;
				CLANG_WARN__DUPLICATE_METHOD_MATCH = YES;
				COPY_PHASE_STRIP = NO;
				DEBUG_INFORMATION_FORMAT = dwarf;
				ENABLE_STRICT_OBJC_MSGSEND = YES;
				ENABLE_TESTABILITY = YES;
				GCC_C_LANGUAGE_STANDARD = gnu11;
				GCC_DYNAMIC_NO_PIC = NO;
				GCC_NO_COMMON_BLOCKS = YES;
				GCC_OPTIMIZATION_LEVEL = 0;
				GCC_PREPROCESSOR_DEFINITIONS = (
					"DEBUG=1",
					"$(inherited)",
				);
				GCC_WARN_64_TO_32_BIT_CONVERSION = YES;
				GCC_WARN_ABOUT_RETURN_TYPE = YES_ERROR;
				GCC_WARN_UNDECLARED_SELECTOR = YES;
				GCC_WARN_UNINITIALIZED_AUTOS = YES_AGGRESSIVE;
				GCC_WARN_UNUSED_FUNCTION = YES;
				GCC_WARN_UNUSED_VARIABLE = YES;
				IPHONEOS_DEPLOYMENT_TARGET = 15.4;
				MTL_ENABLE_DEBUG_INFO = INCLUDE_SOURCE;
				MTL_FAST_MATH = YES;
				ONLY_ACTIVE_ARCH = YES;
				SDKROOT = iphoneos;
				SWIFT_ACTIVE_COMPILATION_CONDITIONS = DEBUG;
				SWIFT_OPTIMIZATION_LEVEL = "-Onone";
			};
			name = Debug;
		};
		A1B8F5FB281A4C3C00D06EBA /* Release */ = {
			isa = XCBuildConfiguration;
			buildSettings = {
				ALWAYS_SEARCH_USER_PATHS = NO;
				CLANG_ANALYZER_NONNULL = YES;
				CLANG_ANALYZER_NUMBER_OBJECT_CONVERSION = YES_AGGRESSIVE;
				CLANG_CXX_LANGUAGE_STANDARD = "gnu++17";
				CLANG_ENABLE_MODULES = YES;
				CLANG_ENABLE_OBJC_ARC = YES;
				CLANG_ENABLE_OBJC_WEAK = YES;
				CLANG_WARN_BLOCK_CAPTURE_AUTORELEASING = YES;
				CLANG_WARN_BOOL_CONVERSION = YES;
				CLANG_WARN_COMMA = YES;
				CLANG_WARN_CONSTANT_CONVERSION = YES;
				CLANG_WARN_DEPRECATED_OBJC_IMPLEMENTATIONS = YES;
				CLANG_WARN_DIRECT_OBJC_ISA_USAGE = YES_ERROR;
				CLANG_WARN_DOCUMENTATION_COMMENTS = YES;
				CLANG_WARN_EMPTY_BODY = YES;
				CLANG_WARN_ENUM_CONVERSION = YES;
				CLANG_WARN_INFINITE_RECURSION = YES;
				CLANG_WARN_INT_CONVERSION = YES;
				CLANG_WARN_NON_LITERAL_NULL_CONVERSION = YES;
				CLANG_WARN_OBJC_IMPLICIT_RETAIN_SELF = YES;
				CLANG_WARN_OBJC_LITERAL_CONVERSION = YES;
				CLANG_WARN_OBJC_ROOT_CLASS = YES_ERROR;
				CLANG_WARN_QUOTED_INCLUDE_IN_FRAMEWORK_HEADER = YES;
				CLANG_WARN_RANGE_LOOP_ANALYSIS = YES;
				CLANG_WARN_STRICT_PROTOTYPES = YES;
				CLANG_WARN_SUSPICIOUS_MOVE = YES;
				CLANG_WARN_UNGUARDED_AVAILABILITY = YES_AGGRESSIVE;
				CLANG_WARN_UNREACHABLE_CODE = YES;
				CLANG_WARN__DUPLICATE_METHOD_MATCH = YES;
				COPY_PHASE_STRIP = NO;
				DEBUG_INFORMATION_FORMAT = "dwarf-with-dsym";
				ENABLE_NS_ASSERTIONS = NO;
				ENABLE_STRICT_OBJC_MSGSEND = YES;
				GCC_C_LANGUAGE_STANDARD = gnu11;
				GCC_NO_COMMON_BLOCKS = YES;
				GCC_WARN_64_TO_32_BIT_CONVERSION = YES;
				GCC_WARN_ABOUT_RETURN_TYPE = YES_ERROR;
				GCC_WARN_UNDECLARED_SELECTOR = YES;
				GCC_WARN_UNINITIALIZED_AUTOS = YES_AGGRESSIVE;
				GCC_WARN_UNUSED_FUNCTION = YES;
				GCC_WARN_UNUSED_VARIABLE = YES;
				IPHONEOS_DEPLOYMENT_TARGET = 15.4;
				MTL_ENABLE_DEBUG_INFO = NO;
				MTL_FAST_MATH = YES;
				SDKROOT = iphoneos;
				SWIFT_COMPILATION_MODE = wholemodule;
				SWIFT_OPTIMIZATION_LEVEL = "-O";
				VALIDATE_PRODUCT = YES;
			};
			name = Release;
		};
		A1B8F5FD281A4C3C00D06EBA /* Debug */ = {
			isa = XCBuildConfiguration;
			buildSettings = {
				ASSETCATALOG_COMPILER_APPICON_NAME = AppIcon;
				ASSETCATALOG_COMPILER_GLOBAL_ACCENT_COLOR_NAME = AccentColor;
				CODE_SIGN_STYLE = Automatic;
				CURRENT_PROJECT_VERSION = 1;
				DEVELOPMENT_TEAM = 462KP9V27X;
				GENERATE_INFOPLIST_FILE = YES;
				INFOPLIST_FILE = Priotask/Info.plist;
				INFOPLIST_KEY_UIApplicationSupportsIndirectInputEvents = YES;
				INFOPLIST_KEY_UILaunchStoryboardName = LaunchScreen;
				INFOPLIST_KEY_UIMainStoryboardFile = Main;
				INFOPLIST_KEY_UISupportedInterfaceOrientations_iPad = "UIInterfaceOrientationPortrait UIInterfaceOrientationPortraitUpsideDown UIInterfaceOrientationLandscapeLeft UIInterfaceOrientationLandscapeRight";
				INFOPLIST_KEY_UISupportedInterfaceOrientations_iPhone = "UIInterfaceOrientationPortrait UIInterfaceOrientationLandscapeLeft UIInterfaceOrientationLandscapeRight";
				LD_RUNPATH_SEARCH_PATHS = (
					"$(inherited)",
					"@executable_path/Frameworks",
				);
				MARKETING_VERSION = 1.0;
				PRODUCT_BUNDLE_IDENTIFIER = com.AppleDeveloperAcademyBinus.Priotask;
				PRODUCT_NAME = "$(TARGET_NAME)";
				SWIFT_EMIT_LOC_STRINGS = YES;
				SWIFT_VERSION = 5.0;
				TARGETED_DEVICE_FAMILY = 1;
			};
			name = Debug;
		};
		A1B8F5FE281A4C3C00D06EBA /* Release */ = {
			isa = XCBuildConfiguration;
			buildSettings = {
				ASSETCATALOG_COMPILER_APPICON_NAME = AppIcon;
				ASSETCATALOG_COMPILER_GLOBAL_ACCENT_COLOR_NAME = AccentColor;
				CODE_SIGN_STYLE = Automatic;
				CURRENT_PROJECT_VERSION = 1;
				DEVELOPMENT_TEAM = 462KP9V27X;
				GENERATE_INFOPLIST_FILE = YES;
				INFOPLIST_FILE = Priotask/Info.plist;
				INFOPLIST_KEY_UIApplicationSupportsIndirectInputEvents = YES;
				INFOPLIST_KEY_UILaunchStoryboardName = LaunchScreen;
				INFOPLIST_KEY_UIMainStoryboardFile = Main;
				INFOPLIST_KEY_UISupportedInterfaceOrientations_iPad = "UIInterfaceOrientationPortrait UIInterfaceOrientationPortraitUpsideDown UIInterfaceOrientationLandscapeLeft UIInterfaceOrientationLandscapeRight";
				INFOPLIST_KEY_UISupportedInterfaceOrientations_iPhone = "UIInterfaceOrientationPortrait UIInterfaceOrientationLandscapeLeft UIInterfaceOrientationLandscapeRight";
				LD_RUNPATH_SEARCH_PATHS = (
					"$(inherited)",
					"@executable_path/Frameworks",
				);
				MARKETING_VERSION = 1.0;
				PRODUCT_BUNDLE_IDENTIFIER = com.AppleDeveloperAcademyBinus.Priotask;
				PRODUCT_NAME = "$(TARGET_NAME)";
				SWIFT_EMIT_LOC_STRINGS = YES;
				SWIFT_VERSION = 5.0;
				TARGETED_DEVICE_FAMILY = 1;
			};
			name = Release;
		};
/* End XCBuildConfiguration section */

/* Begin XCConfigurationList section */
		A1B8F5E3281A4C3B00D06EBA /* Build configuration list for PBXProject "Priotask" */ = {
			isa = XCConfigurationList;
			buildConfigurations = (
				A1B8F5FA281A4C3C00D06EBA /* Debug */,
				A1B8F5FB281A4C3C00D06EBA /* Release */,
			);
			defaultConfigurationIsVisible = 0;
			defaultConfigurationName = Release;
		};
		A1B8F5FC281A4C3C00D06EBA /* Build configuration list for PBXNativeTarget "Priotask" */ = {
			isa = XCConfigurationList;
			buildConfigurations = (
				A1B8F5FD281A4C3C00D06EBA /* Debug */,
				A1B8F5FE281A4C3C00D06EBA /* Release */,
			);
			defaultConfigurationIsVisible = 0;
			defaultConfigurationName = Release;
		};
/* End XCConfigurationList section */
	};
	rootObject = A1B8F5E0281A4C3B00D06EBA /* Project object */;
}
